
Microsoft Visual Studio Solution File, Format Version 11.00
# Visual Studio 2010
Project("{FAE04EC0-301F-11D3-BF4B-00C04F79EFBC}") = "xasset.editor", "xasset.editor.csproj", "{aba1a32b-d463-4106-7c8e-c5eecdcdca46}"
EndProject
Project("{FAE04EC0-301F-11D3-BF4B-00C04F79EFBC}") = "xasset.samples", "xasset.samples.csproj", "{75971769-7155-8cac-3ff5-da2a738e8e4d}"
EndProject
Project("{FAE04EC0-301F-11D3-BF4B-00C04F79EFBC}") = "xasset", "xasset.csproj", "{367f906d-a41e-f1c1-3f64-b9dedb52c20d}"
EndProject
Project("{FAE04EC0-301F-11D3-BF4B-00C04F79EFBC}") = "xasset.samples.editor", "xasset.samples.editor.csproj", "{0eea1e62-0b89-2b08-2d29-f799c8cab6b4}"
EndProject
Project("{FAE04EC0-301F-11D3-BF4B-00C04F79EFBC}") = "xasset.tests", "xasset.tests.csproj", "{264a005a-92cf-44a5-117a-767c0a0b9ecc}"
EndProject
Project("{FAE04EC0-301F-11D3-BF4B-00C04F79EFBC}") = "Assembly-CSharp", "Assembly-CSharp.csproj", "{a6bb00a6-9940-f12e-40fc-342f0823d5d9}"
EndProject
Global
	GlobalSection(SolutionConfigurationPlatforms) = preSolution
		Debug|Any CPU = Debug|Any CPU
	EndGlobalSection
	GlobalSection(ProjectConfigurationPlatforms) = postSolution
		{aba1a32b-d463-4106-7c8e-c5eecdcdca46}.Debug|Any CPU.ActiveCfg = Debug|Any CPU
		{aba1a32b-d463-4106-7c8e-c5eecdcdca46}.Debug|Any CPU.Build.0 = Debug|Any CPU
		{75971769-7155-8cac-3ff5-da2a738e8e4d}.Debug|Any CPU.ActiveCfg = Debug|Any CPU
		{75971769-7155-8cac-3ff5-da2a738e8e4d}.Debug|Any CPU.Build.0 = Debug|Any CPU
		{367f906d-a41e-f1c1-3f64-b9dedb52c20d}.Debug|Any CPU.ActiveCfg = Debug|Any CPU
		{367f906d-a41e-f1c1-3f64-b9dedb52c20d}.Debug|Any CPU.Build.0 = Debug|Any CPU
		{0eea1e62-0b89-2b08-2d29-f799c8cab6b4}.Debug|Any CPU.ActiveCfg = Debug|Any CPU
		{0eea1e62-0b89-2b08-2d29-f799c8cab6b4}.Debug|Any CPU.Build.0 = Debug|Any CPU
		{264a005a-92cf-44a5-117a-767c0a0b9ecc}.Debug|Any CPU.ActiveCfg = Debug|Any CPU
		{264a005a-92cf-44a5-117a-767c0a0b9ecc}.Debug|Any CPU.Build.0 = Debug|Any CPU
		{a6bb00a6-9940-f12e-40fc-342f0823d5d9}.Debug|Any CPU.ActiveCfg = Debug|Any CPU
		{a6bb00a6-9940-f12e-40fc-342f0823d5d9}.Debug|Any CPU.Build.0 = Debug|Any CPU
	EndGlobalSection
	GlobalSection(SolutionProperties) = preSolution
		HideSolutionNode = FALSE
	EndGlobalSection
EndGlobal
